
Microsoft Visual Studio Solution File, Format Version 12.00
# Visual Studio Version 17
VisualStudioVersion = 17.5.33502.453
MinimumVisualStudioVersion = 10.0.40219.1
Project("{FAE04EC0-301F-11D3-BF4B-00C04F79EFBC}") = "Practica 4 - Metodos Dataser CRUD", "Practica 4 - Metodos Dataser CRUD\Practica 4 - Metodos Dataser CRUD.csproj", "{59E7345E-5DCF-46E8-8519-5AE8F951D381}"
EndProject
Global
	GlobalSection(SolutionConfigurationPlatforms) = preSolution
		Debug|Any CPU = Debug|Any CPU
		Release|Any CPU = Release|Any CPU
	EndGlobalSection
	GlobalSection(ProjectConfigurationPlatforms) = postSolution
		{59E7345E-5DCF-46E8-8519-5AE8F951D381}.Debug|Any CPU.ActiveCfg = Debug|Any CPU
		{59E7345E-5DCF-46E8-8519-5AE8F951D381}.Debug|Any CPU.Build.0 = Debug|Any CPU
		{59E7345E-5DCF-46E8-8519-5AE8F951D381}.Release|Any CPU.ActiveCfg = Release|Any CPU
		{59E7345E-5DCF-46E8-8519-5AE8F951D381}.Release|Any CPU.Build.0 = Release|Any CPU
	EndGlobalSection
	GlobalSection(SolutionProperties) = preSolution
		HideSolutionNode = FALSE
	EndGlobalSection
	GlobalSection(ExtensibilityGlobals) = postSolution
		SolutionGuid = {573A7293-EA27-4327-819B-7ACD68CFC587}
	EndGlobalSection
EndGlobal
